
Microsoft Visual Studio Solution File, Format Version 12.00
# Visual Studio Version 16
VisualStudioVersion = 16.0.29728.190
MinimumVisualStudioVersion = 10.0.40219.1
Project("{2150E333-8FDC-42A3-9474-1A3956D46DE8}") = "Framework", "Framework", "{20CEBDCB-9F63-4789-9065-2B3E106BBB9F}"
EndProject
Project("{2150E333-8FDC-42A3-9474-1A3956D46DE8}") = "Business", "Business", "{F8E100E2-0977-411E-B3BD-3CF22CB351C4}"
EndProject
Project("{2150E333-8FDC-42A3-9474-1A3956D46DE8}") = "Presentation", "Presentation", "{8463D5C3-A2C8-465E-9D27-2837690E3513}"
EndProject
Project("{9A19103F-16F7-4668-BE54-9A1E7A4F7556}") = "Blog.Web", "Presentation\Blog.Web\Blog.Web.csproj", "{4F1A92F2-9654-4D65-A651-84C67B41A581}"
EndProject
Project("{2150E333-8FDC-42A3-9474-1A3956D46DE8}") = "Data", "Data", "{E3AC572B-FC1D-47F3-A17E-6CCD322DBC28}"
EndProject
Project("{9A19103F-16F7-4668-BE54-9A1E7A4F7556}") = "Blog.Db.Models", "Data\Blog.Db.Models\Blog.Db.Models.csproj", "{D98C75DD-7CAD-4CCA-AD41-8BD642C44033}"
EndProject
Project("{9A19103F-16F7-4668-BE54-9A1E7A4F7556}") = "Blog.Services", "Business\Blog.Services\Blog.Services.csproj", "{5B682EF1-F136-43A5-B9C2-CBCA5BE09D6A}"
EndProject
Project("{9A19103F-16F7-4668-BE54-9A1E7A4F7556}") = "Blog.Persistence", "Data\Blog.Persistence\Blog.Persistence.csproj", "{387709D7-F167-4BBE-BF64-D606A08BB45D}"
EndProject
Project("{9A19103F-16F7-4668-BE54-9A1E7A4F7556}") = "Blog.Entities", "Business\Blog.Entities\Blog.Entities.csproj", "{48C67808-C21B-4CB4-ABE1-6602328EF0EF}"
EndProject
Project("{9A19103F-16F7-4668-BE54-9A1E7A4F7556}") = "Blog.Configuration.Core", "Framework\Blog.Configuration.Core\Blog.Configuration.Core.csproj", "{09C8E19F-2350-4AF2-BBD7-FEC833495305}"
EndProject
Project("{9A19103F-16F7-4668-BE54-9A1E7A4F7556}") = "Blog.Foundation", "Framework\Blog.Foundation\Blog.Foundation.csproj", "{C2AE07D1-6F9B-4569-9880-239DD7619E6E}"
EndProject
Project("{2150E333-8FDC-42A3-9474-1A3956D46DE8}") = "Test", "Test", "{E3BC68E1-056E-475F-BA56-A5D785970C39}"
EndProject
Project("{FAE04EC0-301F-11D3-BF4B-00C04F79EFBC}") = "Blog.Service.Tests", "Tests\Blog.Service.Tests\Blog.Service.Tests.csproj", "{316D055B-DC87-4CB4-8106-12DFB98C70C4}"
EndProject
Global
	GlobalSection(SolutionConfigurationPlatforms) = preSolution
		Debug|Any CPU = Debug|Any CPU
		Release|Any CPU = Release|Any CPU
	EndGlobalSection
	GlobalSection(ProjectConfigurationPlatforms) = postSolution
		{4F1A92F2-9654-4D65-A651-84C67B41A581}.Debug|Any CPU.ActiveCfg = Debug|Any CPU
		{4F1A92F2-9654-4D65-A651-84C67B41A581}.Debug|Any CPU.Build.0 = Debug|Any CPU
		{4F1A92F2-9654-4D65-A651-84C67B41A581}.Release|Any CPU.ActiveCfg = Release|Any CPU
		{4F1A92F2-9654-4D65-A651-84C67B41A581}.Release|Any CPU.Build.0 = Release|Any CPU
		{D98C75DD-7CAD-4CCA-AD41-8BD642C44033}.Debug|Any CPU.ActiveCfg = Debug|Any CPU
		{D98C75DD-7CAD-4CCA-AD41-8BD642C44033}.Debug|Any CPU.Build.0 = Debug|Any CPU
		{D98C75DD-7CAD-4CCA-AD41-8BD642C44033}.Release|Any CPU.ActiveCfg = Release|Any CPU
		{D98C75DD-7CAD-4CCA-AD41-8BD642C44033}.Release|Any CPU.Build.0 = Release|Any CPU
		{5B682EF1-F136-43A5-B9C2-CBCA5BE09D6A}.Debug|Any CPU.ActiveCfg = Debug|Any CPU
		{5B682EF1-F136-43A5-B9C2-CBCA5BE09D6A}.Debug|Any CPU.Build.0 = Debug|Any CPU
		{5B682EF1-F136-43A5-B9C2-CBCA5BE09D6A}.Release|Any CPU.ActiveCfg = Release|Any CPU
		{5B682EF1-F136-43A5-B9C2-CBCA5BE09D6A}.Release|Any CPU.Build.0 = Release|Any CPU
		{387709D7-F167-4BBE-BF64-D606A08BB45D}.Debug|Any CPU.ActiveCfg = Debug|Any CPU
		{387709D7-F167-4BBE-BF64-D606A08BB45D}.Debug|Any CPU.Build.0 = Debug|Any CPU
		{387709D7-F167-4BBE-BF64-D606A08BB45D}.Release|Any CPU.ActiveCfg = Release|Any CPU
		{387709D7-F167-4BBE-BF64-D606A08BB45D}.Release|Any CPU.Build.0 = Release|Any CPU
		{48C67808-C21B-4CB4-ABE1-6602328EF0EF}.Debug|Any CPU.ActiveCfg = Debug|Any CPU
		{48C67808-C21B-4CB4-ABE1-6602328EF0EF}.Debug|Any CPU.Build.0 = Debug|Any CPU
		{48C67808-C21B-4CB4-ABE1-6602328EF0EF}.Release|Any CPU.ActiveCfg = Release|Any CPU
		{48C67808-C21B-4CB4-ABE1-6602328EF0EF}.Release|Any CPU.Build.0 = Release|Any CPU
		{09C8E19F-2350-4AF2-BBD7-FEC833495305}.Debug|Any CPU.ActiveCfg = Debug|Any CPU
		{09C8E19F-2350-4AF2-BBD7-FEC833495305}.Debug|Any CPU.Build.0 = Debug|Any CPU
		{09C8E19F-2350-4AF2-BBD7-FEC833495305}.Release|Any CPU.ActiveCfg = Release|Any CPU
		{09C8E19F-2350-4AF2-BBD7-FEC833495305}.Release|Any CPU.Build.0 = Release|Any CPU
		{C2AE07D1-6F9B-4569-9880-239DD7619E6E}.Debug|Any CPU.ActiveCfg = Debug|Any CPU
		{C2AE07D1-6F9B-4569-9880-239DD7619E6E}.Debug|Any CPU.Build.0 = Debug|Any CPU
		{C2AE07D1-6F9B-4569-9880-239DD7619E6E}.Release|Any CPU.ActiveCfg = Release|Any CPU
		{C2AE07D1-6F9B-4569-9880-239DD7619E6E}.Release|Any CPU.Build.0 = Release|Any CPU
		{316D055B-DC87-4CB4-8106-12DFB98C70C4}.Debug|Any CPU.ActiveCfg = Debug|Any CPU
		{316D055B-DC87-4CB4-8106-12DFB98C70C4}.Debug|Any CPU.Build.0 = Debug|Any CPU
		{316D055B-DC87-4CB4-8106-12DFB98C70C4}.Release|Any CPU.ActiveCfg = Release|Any CPU
		{316D055B-DC87-4CB4-8106-12DFB98C70C4}.Release|Any CPU.Build.0 = Release|Any CPU
	EndGlobalSection
	GlobalSection(SolutionProperties) = preSolution
		HideSolutionNode = FALSE
	EndGlobalSection
	GlobalSection(NestedProjects) = preSolution
		{4F1A92F2-9654-4D65-A651-84C67B41A581} = {8463D5C3-A2C8-465E-9D27-2837690E3513}
		{D98C75DD-7CAD-4CCA-AD41-8BD642C44033} = {E3AC572B-FC1D-47F3-A17E-6CCD322DBC28}
		{5B682EF1-F136-43A5-B9C2-CBCA5BE09D6A} = {F8E100E2-0977-411E-B3BD-3CF22CB351C4}
		{387709D7-F167-4BBE-BF64-D606A08BB45D} = {E3AC572B-FC1D-47F3-A17E-6CCD322DBC28}
		{48C67808-C21B-4CB4-ABE1-6602328EF0EF} = {F8E100E2-0977-411E-B3BD-3CF22CB351C4}
		{09C8E19F-2350-4AF2-BBD7-FEC833495305} = {20CEBDCB-9F63-4789-9065-2B3E106BBB9F}
		{C2AE07D1-6F9B-4569-9880-239DD7619E6E} = {20CEBDCB-9F63-4789-9065-2B3E106BBB9F}
		{316D055B-DC87-4CB4-8106-12DFB98C70C4} = {E3BC68E1-056E-475F-BA56-A5D785970C39}
	EndGlobalSection
	GlobalSection(ExtensibilityGlobals) = postSolution
		SolutionGuid = {E50DB5C8-3419-4830-A94C-46076F0FEB76}
	EndGlobalSection
EndGlobal
